// !$*UTF8*$!
{
	archiveVersion = 1;
	classes = {
	};
	objectVersion = 45;
	objects = {

/* Begin PBXBuildFile section */
		C346423813D3306700716430 /* CurlUtils.cpp in Sources */ = {isa = PBXBuildFile; fileRef = C346422F13D3306700716430 /* CurlUtils.cpp */; };
		C346423913D3306700716430 /* CurlUtils.h in Headers */ = {isa = PBXBuildFile; fileRef = C346423013D3306700716430 /* CurlUtils.h */; };
		C346423A13D3306700716430 /* Download.cpp in Sources */ = {isa = PBXBuildFile; fileRef = C346423113D3306700716430 /* Download.cpp */; };
		C346423B13D3306700716430 /* Download.h in Headers */ = {isa = PBXBuildFile; fileRef = C346423213D3306700716430 /* Download.h */; };
		C346423C13D3306700716430 /* DownloadDefines.h in Headers */ = {isa = PBXBuildFile; fileRef = C346423313D3306700716430 /* DownloadDefines.h */; };
		C346423D13D3306700716430 /* DownloadStats.h in Headers */ = {isa = PBXBuildFile; fileRef = C346423413D3306700716430 /* DownloadStats.h */; };
		C346423E13D3306700716430 /* HTTP.cpp in Sources */ = {isa = PBXBuildFile; fileRef = C346423513D3306700716430 /* HTTP.cpp */; };
		C346423F13D3306700716430 /* HTTP.h in Headers */ = {isa = PBXBuildFile; fileRef = C346423613D3306700716430 /* HTTP.h */; };
		C346424013D3306700716430 /* pch.h in Headers */ = {isa = PBXBuildFile; fileRef = C346423713D3306700716430 /* pch.h */; };
		C346433813D3336B00716430 /* libcurl.4.dylib in Frameworks */ = {isa = PBXBuildFile; fileRef = C346433713D3336B00716430 /* libcurl.4.dylib */; };
		C369C34A14037BBE00C509EC /* mlog.dylib in Frameworks */ = {isa = PBXBuildFile; fileRef = C369C34814037BBE00C509EC /* mlog.dylib */; };
		C369C34B14037BBE00C509EC /* mstd.dylib in Frameworks */ = {isa = PBXBuildFile; fileRef = C369C34914037BBE00C509EC /* mstd.dylib */; };
/* End PBXBuildFile section */

/* Begin PBXFileReference section */
		C346422F13D3306700716430 /* CurlUtils.cpp */ = {isa = PBXFileReference; fileEncoding = 4; lastKnownFileType = sourcecode.cpp.cpp; path = CurlUtils.cpp; sourceTree = "<group>"; };
		C346423013D3306700716430 /* CurlUtils.h */ = {isa = PBXFileReference; fileEncoding = 4; lastKnownFileType = sourcecode.c.h; path = CurlUtils.h; sourceTree = "<group>"; };
		C346423113D3306700716430 /* Download.cpp */ = {isa = PBXFileReference; fileEncoding = 4; lastKnownFileType = sourcecode.cpp.cpp; path = Download.cpp; sourceTree = "<group>"; };
		C346423213D3306700716430 /* Download.h */ = {isa = PBXFileReference; fileEncoding = 4; lastKnownFileType = sourcecode.c.h; path = Download.h; sourceTree = "<group>"; };
		C346423313D3306700716430 /* DownloadDefines.h */ = {isa = PBXFileReference; fileEncoding = 4; lastKnownFileType = sourcecode.c.h; path = DownloadDefines.h; sourceTree = "<group>"; };
		C346423413D3306700716430 /* DownloadStats.h */ = {isa = PBXFileReference; fileEncoding = 4; lastKnownFileType = sourcecode.c.h; path = DownloadStats.h; sourceTree = "<group>"; };
		C346423513D3306700716430 /* HTTP.cpp */ = {isa = PBXFileReference; fileEncoding = 4; lastKnownFileType = sourcecode.cpp.cpp; path = HTTP.cpp; sourceTree = "<group>"; };
		C346423613D3306700716430 /* HTTP.h */ = {isa = PBXFileReference; fileEncoding = 4; lastKnownFileType = sourcecode.c.h; path = HTTP.h; sourceTree = "<group>"; };
		C346423713D3306700716430 /* pch.h */ = {isa = PBXFileReference; fileEncoding = 4; lastKnownFileType = sourcecode.c.h; path = pch.h; sourceTree = "<group>"; };
		C346433713D3336B00716430 /* libcurl.4.dylib */ = {isa = PBXFileReference; lastKnownFileType = "compiled.mach-o.dylib"; name = libcurl.4.dylib; path = /opt/local/lib/libcurl.4.dylib; sourceTree = "<absolute>"; };
		C369C34814037BBE00C509EC /* mlog.dylib */ = {isa = PBXFileReference; explicitFileType = "compiled.mach-o.dylib"; path = mlog.dylib; sourceTree = BUILT_PRODUCTS_DIR; };
		C369C34914037BBE00C509EC /* mstd.dylib */ = {isa = PBXFileReference; explicitFileType = "compiled.mach-o.dylib"; path = mstd.dylib; sourceTree = BUILT_PRODUCTS_DIR; };
		D2AAC09D05546B4700DB518D /* mnet.dylib */ = {isa = PBXFileReference; explicitFileType = "compiled.mach-o.dylib"; includeInIndex = 0; path = mnet.dylib; sourceTree = BUILT_PRODUCTS_DIR; };
/* End PBXFileReference section */

/* Begin PBXFrameworksBuildPhase section */
		D2AAC09B05546B4700DB518D /* Frameworks */ = {
			isa = PBXFrameworksBuildPhase;
			buildActionMask = 2147483647;
			files = (
				C369C34A14037BBE00C509EC /* mlog.dylib in Frameworks */,
				C369C34B14037BBE00C509EC /* mstd.dylib in Frameworks */,
				C346433813D3336B00716430 /* libcurl.4.dylib in Frameworks */,
			);
			runOnlyForDeploymentPostprocessing = 0;
		};
/* End PBXFrameworksBuildPhase section */

/* Begin PBXGroup section */
		034768DDFF38A45A11DB9C8B /* Products */ = {
			isa = PBXGroup;
			children = (
				D2AAC09D05546B4700DB518D /* mnet.dylib */,
			);
			name = Products;
			sourceTree = "<group>";
		};
		0867D691FE84028FC02AAC07 /* mnet */ = {
			isa = PBXGroup;
			children = (
				C346433713D3336B00716430 /* libcurl.4.dylib */,
				C346425913D3314900716430 /* Dependencies */,
				08FB77ACFE841707C02AAC07 /* Source */,
				034768DDFF38A45A11DB9C8B /* Products */,
			);
			name = mnet;
			sourceTree = "<group>";
		};
		08FB77ACFE841707C02AAC07 /* Source */ = {
			isa = PBXGroup;
			children = (
				C346422F13D3306700716430 /* CurlUtils.cpp */,
				C346423013D3306700716430 /* CurlUtils.h */,
				C346423113D3306700716430 /* Download.cpp */,
				C346423213D3306700716430 /* Download.h */,
				C346423313D3306700716430 /* DownloadDefines.h */,
				C346423413D3306700716430 /* DownloadStats.h */,
				C346423513D3306700716430 /* HTTP.cpp */,
				C346423613D3306700716430 /* HTTP.h */,
				C346423713D3306700716430 /* pch.h */,
			);
			name = Source;
			sourceTree = "<group>";
		};
		C346425913D3314900716430 /* Dependencies */ = {
			isa = PBXGroup;
			children = (
				C369C34814037BBE00C509EC /* mlog.dylib */,
				C369C34914037BBE00C509EC /* mstd.dylib */,
			);
			name = Dependencies;
			sourceTree = "<group>";
		};
/* End PBXGroup section */

/* Begin PBXHeadersBuildPhase section */
		D2AAC09905546B4700DB518D /* Headers */ = {
			isa = PBXHeadersBuildPhase;
			buildActionMask = 2147483647;
			files = (
				C346423913D3306700716430 /* CurlUtils.h in Headers */,
				C346423B13D3306700716430 /* Download.h in Headers */,
				C346423C13D3306700716430 /* DownloadDefines.h in Headers */,
				C346423D13D3306700716430 /* DownloadStats.h in Headers */,
				C346423F13D3306700716430 /* HTTP.h in Headers */,
				C346424013D3306700716430 /* pch.h in Headers */,
			);
			runOnlyForDeploymentPostprocessing = 0;
		};
/* End PBXHeadersBuildPhase section */

/* Begin PBXNativeTarget section */
		D2AAC09C05546B4700DB518D /* mnet */ = {
			isa = PBXNativeTarget;
			buildConfigurationList = 1DEB916008733D950010E9CD /* Build configuration list for PBXNativeTarget "mnet" */;
			buildPhases = (
				D2AAC09905546B4700DB518D /* Headers */,
				D2AAC09B05546B4700DB518D /* Frameworks */,
				D2AAC09A05546B4700DB518D /* Sources */,
			);
			buildRules = (
			);
			dependencies = (
			);
			name = mnet;
			productName = libmnet;
			productReference = D2AAC09D05546B4700DB518D /* mnet.dylib */;
			productType = "com.apple.product-type.library.dynamic";
		};
/* End PBXNativeTarget section */

/* Begin PBXProject section */
		0867D690FE84028FC02AAC07 /* Project object */ = {
			isa = PBXProject;
			buildConfigurationList = 1DEB916408733D950010E9CD /* Build configuration list for PBXProject "mnet" */;
			compatibilityVersion = "Xcode 3.1";
			developmentRegion = English;
			hasScannedForEncodings = 1;
			knownRegions = (
				English,
				Japanese,
				French,
				German,
			);
			mainGroup = 0867D691FE84028FC02AAC07 /* mnet */;
			productRefGroup = 034768DDFF38A45A11DB9C8B /* Products */;
			projectDirPath = "";
			projectRoot = "";
			targets = (
				D2AAC09C05546B4700DB518D /* mnet */,
			);
		};
/* End PBXProject section */

/* Begin PBXSourcesBuildPhase section */
		D2AAC09A05546B4700DB518D /* Sources */ = {
			isa = PBXSourcesBuildPhase;
			buildActionMask = 2147483647;
			files = (
				C346423813D3306700716430 /* CurlUtils.cpp in Sources */,
				C346423A13D3306700716430 /* Download.cpp in Sources */,
				C346423E13D3306700716430 /* HTTP.cpp in Sources */,
			);
			runOnlyForDeploymentPostprocessing = 0;
		};
/* End PBXSourcesBuildPhase section */

/* Begin XCBuildConfiguration section */
		1DEB916108733D950010E9CD /* Debug */ = {
			isa = XCBuildConfiguration;
			buildSettings = {
				ALWAYS_SEARCH_USER_PATHS = NO;
				COPY_PHASE_STRIP = NO;
				GCC_DYNAMIC_NO_PIC = NO;
				GCC_ENABLE_FIX_AND_CONTINUE = YES;
				GCC_MODEL_TUNING = G5;
				GCC_OPTIMIZATION_LEVEL = 0;
				LIBRARY_SEARCH_PATHS = (
					"$(inherited)",
					/opt/local/lib,
				);
			};
			name = Debug;
		};
		1DEB916208733D950010E9CD /* Release */ = {
			isa = XCBuildConfiguration;
			buildSettings = {
				ALWAYS_SEARCH_USER_PATHS = NO;
				DEBUG_INFORMATION_FORMAT = "dwarf-with-dsym";
				GCC_MODEL_TUNING = G5;
				LIBRARY_SEARCH_PATHS = (
					"$(inherited)",
					/opt/local/lib,
				);
				STRIP_INSTALLED_PRODUCT = YES;
				STRIP_STYLE = "non-global";
			};
			name = Release;
		};
		1DEB916508733D950010E9CD /* Debug */ = {
			isa = XCBuildConfiguration;
			buildSettings = {
				ARCHS = "$(ARCHS_STANDARD_32_BIT)";
				CONFIGURATION_BUILD_DIR = "$(SYMROOT)";
				CONFIGURATION_TEMP_DIR = "$(OBJROOT)";
				GCC_C_LANGUAGE_STANDARD = gnu99;
				GCC_OPTIMIZATION_LEVEL = 0;
				GCC_PRECOMPILE_PREFIX_HEADER = YES;
				GCC_PREFIX_HEADER = pch.h;
				GCC_WARN_ABOUT_RETURN_TYPE = YES;
				GCC_WARN_UNUSED_VARIABLE = YES;
				HEADER_SEARCH_PATHS = (
					"$(INCLUDE)",
					"$(PROJECT_DIR)/..",
				);
				OBJROOT = "$(BUILD_OUTPUT)/$(CONFIGURATION)$(EFFECTIVE_PLATFORM_NAME).$(PROJECT_NAME)";
				ONLY_ACTIVE_ARCH = YES;
				OTHER_LDFLAGS = (
					"-lboost_filesystem-mt-d",
					"-lboost_system-mt-d",
					"-lboost_thread-mt-d",
				);
				PREBINDING = NO;
				PRODUCT_NAME = mnet;
				SDKROOT = macosx10.5;
				SYMROOT = "$(BUILD_OUTPUT)/$(CONFIGURATION)$(EFFECTIVE_PLATFORM_NAME)";
			};
			name = Debug;
		};
		1DEB916608733D950010E9CD /* Release */ = {
			isa = XCBuildConfiguration;
			buildSettings = {
				ARCHS = "$(ARCHS_STANDARD_32_BIT)";
				CONFIGURATION_BUILD_DIR = "$(SYMROOT)";
				CONFIGURATION_TEMP_DIR = "$(OBJROOT)";
				GCC_C_LANGUAGE_STANDARD = gnu99;
				GCC_PRECOMPILE_PREFIX_HEADER = YES;
				GCC_PREFIX_HEADER = pch.h;
				GCC_WARN_ABOUT_RETURN_TYPE = YES;
				GCC_WARN_UNUSED_VARIABLE = YES;
				HEADER_SEARCH_PATHS = (
					"$(INCLUDE)",
					"$(PROJECT_DIR)/..",
				);
				OBJROOT = "$(BUILD_OUTPUT)/$(CONFIGURATION)$(EFFECTIVE_PLATFORM_NAME).$(PROJECT_NAME)";
				ONLY_ACTIVE_ARCH = YES;
				OTHER_LDFLAGS = (
					"-lboost_filesystem-mt",
					"-lboost_system-mt",
					"-lboost_thread-mt",
				);
				PREBINDING = NO;
				PRODUCT_NAME = mnet;
				SDKROOT = macosx10.5;
				SYMROOT = "$(BUILD_OUTPUT)/$(CONFIGURATION)$(EFFECTIVE_PLATFORM_NAME)";
			};
			name = Release;
		};
/* End XCBuildConfiguration section */

/* Begin XCConfigurationList section */
		1DEB916008733D950010E9CD /* Build configuration list for PBXNativeTarget "mnet" */ = {
			isa = XCConfigurationList;
			buildConfigurations = (
				1DEB916108733D950010E9CD /* Debug */,
				1DEB916208733D950010E9CD /* Release */,
			);
			defaultConfigurationIsVisible = 0;
			defaultConfigurationName = Release;
		};
		1DEB916408733D950010E9CD /* Build configuration list for PBXProject "mnet" */ = {
			isa = XCConfigurationList;
			buildConfigurations = (
				1DEB916508733D950010E9CD /* Debug */,
				1DEB916608733D950010E9CD /* Release */,
			);
			defaultConfigurationIsVisible = 0;
			defaultConfigurationName = Release;
		};
/* End XCConfigurationList section */
	};
	rootObject = 0867D690FE84028FC02AAC07 /* Project object */;
}
